version: 1
locked_at: "2026-06-07T01:21:51Z"
deps:
    ControlEscape.spoon:
        type: github-clone
        repo: jasonrudolph/ControlEscape.spoon
        ref: cc5749931afe61c299ac8371230ec77a870b775a
    antigen:
        type: github-clone
        repo: zsh-users/antigen
        ref: 8846aa902047992e86816cbd941acc86646bd83b
    extrakto:
        type: github-clone
        repo: laktak/extrakto
        ref: d1af77988081dae496fa4a1f5e5e6bc9ef66767f
    fzf:
        type: github-clone
        repo: junegunn/fzf
        ref: abee152255387a5e0ee0543f275b792265e0ef5e
    gvm:
        type: curl-script
        repo: moovweb/gvm
        tag: stable
        ref: 1218d4ed0fc0a878bc3471fc6139d0af8df8baa2
        file: binscripts/gvm-installer
        file_sha256: a9491cbd933c6b3b1adbf523c0ae44f13a03fd2da212ad9a13ce596daaa303a4
    lazydocker:
        type: github-release
        repo: jesseduffield/lazydocker
        tag: v0.25.2
        ref: 7e7aadc2071d58031bf2daafca1fbd4093efc23f
        assets:
            darwin-arm64:
                name: lazydocker_0.25.2_Darwin_arm64.tar.gz
                url: https://github.com/jesseduffield/lazydocker/releases/download/v0.25.2/lazydocker_0.25.2_Darwin_arm64.tar.gz
                sha256: 4a54d7b4abdf255b2bce9806641eac5568d5b7fbc820c1b5d3f9e34ea1367d60
            linux-amd64:
                name: lazydocker_0.25.2_Linux_x86_64.tar.gz
                url: https://github.com/jesseduffield/lazydocker/releases/download/v0.25.2/lazydocker_0.25.2_Linux_x86_64.tar.gz
                sha256: 0d9dbfc26068b218e7ed84b104748cadc6e3cf733c0afd35465306fb39b9523c
    lazygit:
        type: github-release
        repo: jesseduffield/lazygit
        tag: v0.62.2
        ref: 009c8975beb322f9374789476ac65dfa02321fce
        assets:
            darwin-arm64:
                name: lazygit_0.62.2_darwin_arm64.tar.gz
                url: https://github.com/jesseduffield/lazygit/releases/download/v0.62.2/lazygit_0.62.2_darwin_arm64.tar.gz
                sha256: f311d96b666b4865760e39f3967edfd7bf30b5d09e52a1bc7ae511f6bdfdd02c
            linux-amd64:
                name: lazygit_0.62.2_linux_x86_64.tar.gz
                url: https://github.com/jesseduffield/lazygit/releases/download/v0.62.2/lazygit_0.62.2_linux_x86_64.tar.gz
                sha256: 8b9a4c2d0969cbea92b45c956dd2a44e1ba76900c9df49f1c60984045ce77984
    neovim:
        type: github-release
        repo: neovim/neovim
        tag: v0.12.2
        ref: 4b35336f6f850ce68a230716401cdaa21bdb6a25
        assets:
            linux-amd64:
                name: nvim-linux-x86_64.tar.gz
                url: https://github.com/neovim/neovim/releases/download/v0.12.2/nvim-linux-x86_64.tar.gz
                sha256: 31cf85945cb600d96cdf69f88bc68bec814acbff50863c5546adef3a1bcef260
    nvm:
        type: curl-script
        repo: nvm-sh/nvm
        tag: v0.40.1
        ref: 179d45050be0a71fd57591b0ed8aedf9b177ba10
        file: install.sh
        file_sha256: abdb525ee9f5b48b34d8ed9fc67c6013fb0f659712e401ecd88ab989b3af8f53
    punch:
        type: github-release
        repo: nodeselector/punch
        tag: v0.1.0
        ref: 7ba26c9bc6abae5cb12d99e39c621e4a0172bea8
        assets:
            darwin-amd64:
                name: punch-darwin-amd64.tar.gz
                url: https://github.com/nodeselector/punch/releases/download/v0.1.0/punch-darwin-amd64.tar.gz
                sha256: e7ee510b0beee89e59dc4e51c787b5db953ca90b7f7b5c9a1636c8d46448537a
            darwin-arm64:
                name: punch-darwin-arm64.tar.gz
                url: https://github.com/nodeselector/punch/releases/download/v0.1.0/punch-darwin-arm64.tar.gz
                sha256: 15fa3dd17571bf2ea17c0609bcfc351da690452ae5a1d933e7cac424d9fe3aae
            linux-amd64:
                name: punch-linux-amd64.tar.gz
                url: https://github.com/nodeselector/punch/releases/download/v0.1.0/punch-linux-amd64.tar.gz
                sha256: aca1cdbeb2ba9cc4441cb96915427c4c24fb5a0afa70a49c84ca5ff96677ff50
    rustup:
        type: curl-script
        repo: rust-lang/rustup
        tag: 1.29.0
        ref: 28d1352dbcb436d3111c3594b9e1588e94950464
        file: rustup-init.sh
        file_sha256: 6c30b75a75b28a96fd913a037c8581b580080b6ee9b8169a3c0feb1af7fe8caf
    starship:
        type: curl-script
        repo: starship/starship
        tag: v1.25.1
        ref: 8758daa7767d4e73874330b1e262fca66a7ffd30
        file: install/install.sh
        file_sha256: 52c64f14a558034ebeb1907ea9364e802b32474576fd3e68265f73bc33cc8fbb
    tmux-fingers:
        type: github-clone
        repo: Morantron/tmux-fingers
        ref: 5409aee9752492d59ed2ed8dc4cb60f829cb3a28
    tmux-fzf:
        type: github-clone
        repo: sainnhe/tmux-fzf
        ref: 05af76daa2487575b93a4f604693b00969f19c2f
    tmux-sensible:
        type: github-clone
        repo: tmux-plugins/tmux-sensible
        ref: 25cb91f42d020f675bb0a2ce3fbd3a5d96119efa
    tpm:
        type: github-clone
        repo: tmux-plugins/tpm
        ref: e261deb1b47614eed3400089ce7197dc68acc4eb
    uv:
        type: github-release
        repo: astral-sh/uv
        tag: 0.11.19
        ref: 7b2cff1c316eb3b7f52b1cc121d7e25eeea1b17c
        assets:
            darwin-arm64:
                name: uv-aarch64-apple-darwin.tar.gz
                url: https://github.com/astral-sh/uv/releases/download/0.11.19/uv-aarch64-apple-darwin.tar.gz
                sha256: d8f59c38e8c4168ee468d423cd63184be12fa6995a4283d41ee1a14d003c9453
            linux-amd64:
                name: uv-aarch64-unknown-linux-gnu.tar.gz
                url: https://github.com/astral-sh/uv/releases/download/0.11.19/uv-aarch64-unknown-linux-gnu.tar.gz
                sha256: 83b13ab184a45b7d9a3b0e4b10eaebd50ad41e66cb16dcce8e60aa7be13ae399
    vim-tmux-navigator:
        type: github-clone
        repo: christoomey/vim-tmux-navigator
        ref: e41c431a0c7b7388ae7ba341f01a0d217eb3a432
    wk:
        type: github-release
        repo: 844196/wk
        tag: v1.0.2
        ref: 762cd4c20b23e0828138ced8622e6987c8183a08
        assets:
            darwin-arm64:
                name: wk-aarch64-apple-darwin
                url: https://github.com/844196/wk/releases/download/v1.0.2/wk-aarch64-apple-darwin
                sha256: c8081a913f876bd0de8ae586db398d3782a7e04a57803fd0903b8a26b158763f
            linux-amd64:
                name: wk-x86_64-unknown-linux-gnu
                url: https://github.com/844196/wk/releases/download/v1.0.2/wk-x86_64-unknown-linux-gnu
                sha256: c520b042160b087368ffbfac8e4c2fea7f26f95d0c498b757ef680034a790e24
